
Microsoft Visual Studio Solution File, Format Version 12.00
# Visual Studio Version 17
VisualStudioVersion = 17.10.34928.147
MinimumVisualStudioVersion = 10.0.40219.1
Project("{FAE04EC0-301F-11D3-BF4B-00C04F79EFBC}") = "Task 3.2", "Task 3.2\Task 3.2.csproj", "{51CF45E0-7AEB-4BD0-AA41-0F0642092B23}"
EndProject
Global
	GlobalSection(SolutionConfigurationPlatforms) = preSolution
		Debug|Any CPU = Debug|Any CPU
		Release|Any CPU = Release|Any CPU
	EndGlobalSection
	GlobalSection(ProjectConfigurationPlatforms) = postSolution
		{51CF45E0-7AEB-4BD0-AA41-0F0642092B23}.Debug|Any CPU.ActiveCfg = Debug|Any CPU
		{51CF45E0-7AEB-4BD0-AA41-0F0642092B23}.Debug|Any CPU.Build.0 = Debug|Any CPU
		{51CF45E0-7AEB-4BD0-AA41-0F0642092B23}.Release|Any CPU.ActiveCfg = Release|Any CPU
		{51CF45E0-7AEB-4BD0-AA41-0F0642092B23}.Release|Any CPU.Build.0 = Release|Any CPU
	EndGlobalSection
	GlobalSection(SolutionProperties) = preSolution
		HideSolutionNode = FALSE
	EndGlobalSection
	GlobalSection(ExtensibilityGlobals) = postSolution
		SolutionGuid = {110DA5B3-A841-4C6E-90E5-148AFDF7E664}
	EndGlobalSection
EndGlobal
